
Microsoft Visual Studio Solution File, Format Version 12.00
# Visual Studio 15
VisualStudioVersion = 15.0.27130.2036
MinimumVisualStudioVersion = 10.0.40219.1
Project("{FAE04EC0-301F-11D3-BF4B-00C04F79EFBC}") = "Plan-B Administration", "Plan-B Administration\Plan-B Administration.csproj", "{CCA30CFA-3DE9-40CE-A429-30D98222DD1E}"
EndProject
Global
	GlobalSection(SolutionConfigurationPlatforms) = preSolution
		Debug|Any CPU = Debug|Any CPU
		Release|Any CPU = Release|Any CPU
	EndGlobalSection
	GlobalSection(ProjectConfigurationPlatforms) = postSolution
		{CCA30CFA-3DE9-40CE-A429-30D98222DD1E}.Debug|Any CPU.ActiveCfg = Debug|Any CPU
		{CCA30CFA-3DE9-40CE-A429-30D98222DD1E}.Debug|Any CPU.Build.0 = Debug|Any CPU
		{CCA30CFA-3DE9-40CE-A429-30D98222DD1E}.Release|Any CPU.ActiveCfg = Release|Any CPU
		{CCA30CFA-3DE9-40CE-A429-30D98222DD1E}.Release|Any CPU.Build.0 = Release|Any CPU
	EndGlobalSection
	GlobalSection(SolutionProperties) = preSolution
		HideSolutionNode = FALSE
	EndGlobalSection
	GlobalSection(ExtensibilityGlobals) = postSolution
		SolutionGuid = {6C7E3191-BC92-4D79-9D05-896AA733F71D}
	EndGlobalSection
EndGlobal
